
Microsoft Visual Studio Solution File, Format Version 11.00
# Visual Studio 2010
Project("{FAE04EC0-301F-11D3-BF4B-00C04F79EFBC}") = "createEventSource", "createEventSource\createEventSource.csproj", "{B20D1AC5-4AE0-40D0-9437-098535E98DC6}"
EndProject
Global
	GlobalSection(SolutionConfigurationPlatforms) = preSolution
		Debug|x86 = Debug|x86
		Release|x86 = Release|x86
	EndGlobalSection
	GlobalSection(ProjectConfigurationPlatforms) = postSolution
		{B20D1AC5-4AE0-40D0-9437-098535E98DC6}.Debug|x86.ActiveCfg = Debug|x86
		{B20D1AC5-4AE0-40D0-9437-098535E98DC6}.Debug|x86.Build.0 = Debug|x86
		{B20D1AC5-4AE0-40D0-9437-098535E98DC6}.Release|x86.ActiveCfg = Release|x86
		{B20D1AC5-4AE0-40D0-9437-098535E98DC6}.Release|x86.Build.0 = Release|x86
	EndGlobalSection
	GlobalSection(SolutionProperties) = preSolution
		HideSolutionNode = FALSE
	EndGlobalSection
EndGlobal
